
Microsoft Visual Studio Solution File, Format Version 12.00
# Visual Studio Version 17
VisualStudioVersion = 17.9.34728.123
MinimumVisualStudioVersion = 10.0.40219.1
Project("{FAE04EC0-301F-11D3-BF4B-00C04F79EFBC}") = "BitfinexWPFLibrary", "BitfinexWPFLibrary\BitfinexWPFLibrary.csproj", "{32790DA0-A1F2-414B-9A3F-A0FA8CE20CC1}"
EndProject
Global
	GlobalSection(SolutionConfigurationPlatforms) = preSolution
		Debug|Any CPU = Debug|Any CPU
		Release|Any CPU = Release|Any CPU
	EndGlobalSection
	GlobalSection(ProjectConfigurationPlatforms) = postSolution
		{32790DA0-A1F2-414B-9A3F-A0FA8CE20CC1}.Debug|Any CPU.ActiveCfg = Debug|Any CPU
		{32790DA0-A1F2-414B-9A3F-A0FA8CE20CC1}.Debug|Any CPU.Build.0 = Debug|Any CPU
		{32790DA0-A1F2-414B-9A3F-A0FA8CE20CC1}.Release|Any CPU.ActiveCfg = Release|Any CPU
		{32790DA0-A1F2-414B-9A3F-A0FA8CE20CC1}.Release|Any CPU.Build.0 = Release|Any CPU
	EndGlobalSection
	GlobalSection(SolutionProperties) = preSolution
		HideSolutionNode = FALSE
	EndGlobalSection
	GlobalSection(ExtensibilityGlobals) = postSolution
		SolutionGuid = {BE1965A5-C223-4F9D-8173-3B79EE6C5822}
	EndGlobalSection
EndGlobal
